
Microsoft Visual Studio Solution File, Format Version 12.00
# Visual Studio 15
VisualStudioVersion = 15.0.28307.168
MinimumVisualStudioVersion = 10.0.40219.1
Project("{FAE04EC0-301F-11D3-BF4B-00C04F79EFBC}") = "The_Paper", "The_Paper.csproj", "{AD4AC230-452D-485D-AB82-180AF4C93DED}"
EndProject
Global
	GlobalSection(SolutionConfigurationPlatforms) = preSolution
		Debug|ARM = Debug|ARM
		Debug|x64 = Debug|x64
		Debug|x86 = Debug|x86
		Release|ARM = Release|ARM
		Release|x64 = Release|x64
		Release|x86 = Release|x86
	EndGlobalSection
	GlobalSection(ProjectConfigurationPlatforms) = postSolution
		{AD4AC230-452D-485D-AB82-180AF4C93DED}.Debug|ARM.ActiveCfg = Debug|ARM
		{AD4AC230-452D-485D-AB82-180AF4C93DED}.Debug|ARM.Build.0 = Debug|ARM
		{AD4AC230-452D-485D-AB82-180AF4C93DED}.Debug|ARM.Deploy.0 = Debug|ARM
		{AD4AC230-452D-485D-AB82-180AF4C93DED}.Debug|x64.ActiveCfg = Debug|x64
		{AD4AC230-452D-485D-AB82-180AF4C93DED}.Debug|x64.Build.0 = Debug|x64
		{AD4AC230-452D-485D-AB82-180AF4C93DED}.Debug|x64.Deploy.0 = Debug|x64
		{AD4AC230-452D-485D-AB82-180AF4C93DED}.Debug|x86.ActiveCfg = Debug|x86
		{AD4AC230-452D-485D-AB82-180AF4C93DED}.Debug|x86.Build.0 = Debug|x86
		{AD4AC230-452D-485D-AB82-180AF4C93DED}.Debug|x86.Deploy.0 = Debug|x86
		{AD4AC230-452D-485D-AB82-180AF4C93DED}.Release|ARM.ActiveCfg = Release|ARM
		{AD4AC230-452D-485D-AB82-180AF4C93DED}.Release|ARM.Build.0 = Release|ARM
		{AD4AC230-452D-485D-AB82-180AF4C93DED}.Release|ARM.Deploy.0 = Release|ARM
		{AD4AC230-452D-485D-AB82-180AF4C93DED}.Release|x64.ActiveCfg = Release|x64
		{AD4AC230-452D-485D-AB82-180AF4C93DED}.Release|x64.Build.0 = Release|x64
		{AD4AC230-452D-485D-AB82-180AF4C93DED}.Release|x64.Deploy.0 = Release|x64
		{AD4AC230-452D-485D-AB82-180AF4C93DED}.Release|x86.ActiveCfg = Release|x86
		{AD4AC230-452D-485D-AB82-180AF4C93DED}.Release|x86.Build.0 = Release|x86
		{AD4AC230-452D-485D-AB82-180AF4C93DED}.Release|x86.Deploy.0 = Release|x86
	EndGlobalSection
	GlobalSection(SolutionProperties) = preSolution
		HideSolutionNode = FALSE
	EndGlobalSection
	GlobalSection(ExtensibilityGlobals) = postSolution
		SolutionGuid = {4BFFC8E5-014D-4EF0-B79B-80C87B5DA628}
	EndGlobalSection
EndGlobal
